// !$*UTF8*$!
{
	archiveVersion = 1;
	classes = {
	};
	objectVersion = 55;
	objects = {

/* Begin PBXBuildFile section */
		BDE44B0628A3F11C000BC7D0 /* AppDelegate.swift in Sources */ = {isa = PBXBuildFile; fileRef = BDE44B0528A3F11C000BC7D0 /* AppDelegate.swift */; };
		BDE44B0828A3F11C000BC7D0 /* SceneDelegate.swift in Sources */ = {isa = PBXBuildFile; fileRef = BDE44B0728A3F11C000BC7D0 /* SceneDelegate.swift */; };
		BDE44B0A28A3F11C000BC7D0 /* ViewController.swift in Sources */ = {isa = PBXBuildFile; fileRef = BDE44B0928A3F11C000BC7D0 /* ViewController.swift */; };
		BDE44B0D28A3F11C000BC7D0 /* Main.storyboard in Resources */ = {isa = PBXBuildFile; fileRef = BDE44B0B28A3F11C000BC7D0 /* Main.storyboard */; };
		BDE44B1028A3F11C000BC7D0 /* Intro_to_XCode.xcdatamodeld in Sources */ = {isa = PBXBuildFile; fileRef = BDE44B0E28A3F11C000BC7D0 /* Intro_to_XCode.xcdatamodeld */; };
		BDE44B1228A3F11E000BC7D0 /* Assets.xcassets in Resources */ = {isa = PBXBuildFile; fileRef = BDE44B1128A3F11E000BC7D0 /* Assets.xcassets */; };
		BDE44B1528A3F11E000BC7D0 /* LaunchScreen.storyboard in Resources */ = {isa = PBXBuildFile; fileRef = BDE44B1328A3F11E000BC7D0 /* LaunchScreen.storyboard */; };
		BDE44B2028A3F11E000BC7D0 /* Intro_to_XCodeTests.swift in Sources */ = {isa = PBXBuildFile; fileRef = BDE44B1F28A3F11E000BC7D0 /* Intro_to_XCodeTests.swift */; };
		BDE44B2A28A3F11E000BC7D0 /* Intro_to_XCodeUITests.swift in Sources */ = {isa = PBXBuildFile; fileRef = BDE44B2928A3F11E000BC7D0 /* Intro_to_XCodeUITests.swift */; };
		BDE44B2C28A3F11E000BC7D0 /* Intro_to_XCodeUITestsLaunchTests.swift in Sources */ = {isa = PBXBuildFile; fileRef = BDE44B2B28A3F11E000BC7D0 /* Intro_to_XCodeUITestsLaunchTests.swift */; };
/* End PBXBuildFile section */

/* Begin PBXContainerItemProxy section */
		BDE44B1C28A3F11E000BC7D0 /* PBXContainerItemProxy */ = {
			isa = PBXContainerItemProxy;
			containerPortal = BDE44AFA28A3F11C000BC7D0 /* Project object */;
			proxyType = 1;
			remoteGlobalIDString = BDE44B0128A3F11C000BC7D0;
			remoteInfo = "Intro-to-XCode";
		};
		BDE44B2628A3F11E000BC7D0 /* PBXContainerItemProxy */ = {
			isa = PBXContainerItemProxy;
			containerPortal = BDE44AFA28A3F11C000BC7D0 /* Project object */;
			proxyType = 1;
			remoteGlobalIDString = BDE44B0128A3F11C000BC7D0;
			remoteInfo = "Intro-to-XCode";
		};
/* End PBXContainerItemProxy section */

/* Begin PBXFileReference section */
		BDE44B0228A3F11C000BC7D0 /* Intro-to-XCode.app */ = {isa = PBXFileReference; explicitFileType = wrapper.application; includeInIndex = 0; path = "Intro-to-XCode.app"; sourceTree = BUILT_PRODUCTS_DIR; };
		BDE44B0528A3F11C000BC7D0 /* AppDelegate.swift */ = {isa = PBXFileReference; lastKnownFileType = sourcecode.swift; path = AppDelegate.swift; sourceTree = "<group>"; };
		BDE44B0728A3F11C000BC7D0 /* SceneDelegate.swift */ = {isa = PBXFileReference; lastKnownFileType = sourcecode.swift; path = SceneDelegate.swift; sourceTree = "<group>"; };
		BDE44B0928A3F11C000BC7D0 /* ViewController.swift */ = {isa = PBXFileReference; lastKnownFileType = sourcecode.swift; path = ViewController.swift; sourceTree = "<group>"; };
		BDE44B0C28A3F11C000BC7D0 /* Base */ = {isa = PBXFileReference; lastKnownFileType = file.storyboard; name = Base; path = Base.lproj/Main.storyboard; sourceTree = "<group>"; };
		BDE44B0F28A3F11C000BC7D0 /* Intro_to_XCode.xcdatamodel */ = {isa = PBXFileReference; lastKnownFileType = wrapper.xcdatamodel; path = Intro_to_XCode.xcdatamodel; sourceTree = "<group>"; };
		BDE44B1128A3F11E000BC7D0 /* Assets.xcassets */ = {isa = PBXFileReference; lastKnownFileType = folder.assetcatalog; path = Assets.xcassets; sourceTree = "<group>"; };
		BDE44B1428A3F11E000BC7D0 /* Base */ = {isa = PBXFileReference; lastKnownFileType = file.storyboard; name = Base; path = Base.lproj/LaunchScreen.storyboard; sourceTree = "<group>"; };
		BDE44B1628A3F11E000BC7D0 /* Info.plist */ = {isa = PBXFileReference; lastKnownFileType = text.plist.xml; path = Info.plist; sourceTree = "<group>"; };
		BDE44B1B28A3F11E000BC7D0 /* Intro-to-XCodeTests.xctest */ = {isa = PBXFileReference; explicitFileType = wrapper.cfbundle; includeInIndex = 0; path = "Intro-to-XCodeTests.xctest"; sourceTree = BUILT_PRODUCTS_DIR; };
		BDE44B1F28A3F11E000BC7D0 /* Intro_to_XCodeTests.swift */ = {isa = PBXFileReference; lastKnownFileType = sourcecode.swift; path = Intro_to_XCodeTests.swift; sourceTree = "<group>"; };
		BDE44B2528A3F11E000BC7D0 /* Intro-to-XCodeUITests.xctest */ = {isa = PBXFileReference; explicitFileType = wrapper.cfbundle; includeInIndex = 0; path = "Intro-to-XCodeUITests.xctest"; sourceTree = BUILT_PRODUCTS_DIR; };
		BDE44B2928A3F11E000BC7D0 /* Intro_to_XCodeUITests.swift */ = {isa = PBXFileReference; lastKnownFileType = sourcecode.swift; path = Intro_to_XCodeUITests.swift; sourceTree = "<group>"; };
		BDE44B2B28A3F11E000BC7D0 /* Intro_to_XCodeUITestsLaunchTests.swift */ = {isa = PBXFileReference; lastKnownFileType = sourcecode.swift; path = Intro_to_XCodeUITestsLaunchTests.swift; sourceTree = "<group>"; };
/* End PBXFileReference section */

/* Begin PBXFrameworksBuildPhase section */
		BDE44AFF28A3F11C000BC7D0 /* Frameworks */ = {
			isa = PBXFrameworksBuildPhase;
			buildActionMask = 2147483647;
			files = (
			);
			runOnlyForDeploymentPostprocessing = 0;
		};
		BDE44B1828A3F11E000BC7D0 /* Frameworks */ = {
			isa = PBXFrameworksBuildPhase;
			buildActionMask = 2147483647;
			files = (
			);
			runOnlyForDeploymentPostprocessing = 0;
		};
		BDE44B2228A3F11E000BC7D0 /* Frameworks */ = {
			isa = PBXFrameworksBuildPhase;
			buildActionMask = 2147483647;
			files = (
			);
			runOnlyForDeploymentPostprocessing = 0;
		};
/* End PBXFrameworksBuildPhase section */

/* Begin PBXGroup section */
		BDE44AF928A3F11C000BC7D0 = {
			isa = PBXGroup;
			children = (
				BDE44B0428A3F11C000BC7D0 /* Intro-to-XCode */,
				BDE44B1E28A3F11E000BC7D0 /* Intro-to-XCodeTests */,
				BDE44B2828A3F11E000BC7D0 /* Intro-to-XCodeUITests */,
				BDE44B0328A3F11C000BC7D0 /* Products */,
			);
			sourceTree = "<group>";
		};
		BDE44B0328A3F11C000BC7D0 /* Products */ = {
			isa = PBXGroup;
			children = (
				BDE44B0228A3F11C000BC7D0 /* Intro-to-XCode.app */,
				BDE44B1B28A3F11E000BC7D0 /* Intro-to-XCodeTests.xctest */,
				BDE44B2528A3F11E000BC7D0 /* Intro-to-XCodeUITests.xctest */,
			);
			name = Products;
			sourceTree = "<group>";
		};
		BDE44B0428A3F11C000BC7D0 /* Intro-to-XCode */ = {
			isa = PBXGroup;
			children = (
				BDE44B0528A3F11C000BC7D0 /* AppDelegate.swift */,
				BDE44B0728A3F11C000BC7D0 /* SceneDelegate.swift */,
				BDE44B0928A3F11C000BC7D0 /* ViewController.swift */,
				BDE44B0B28A3F11C000BC7D0 /* Main.storyboard */,
				BDE44B1128A3F11E000BC7D0 /* Assets.xcassets */,
				BDE44B1328A3F11E000BC7D0 /* LaunchScreen.storyboard */,
				BDE44B1628A3F11E000BC7D0 /* Info.plist */,
				BDE44B0E28A3F11C000BC7D0 /* Intro_to_XCode.xcdatamodeld */,
			);
			path = "Intro-to-XCode";
			sourceTree = "<group>";
		};
		BDE44B1E28A3F11E000BC7D0 /* Intro-to-XCodeTests */ = {
			isa = PBXGroup;
			children = (
				BDE44B1F28A3F11E000BC7D0 /* Intro_to_XCodeTests.swift */,
			);
			path = "Intro-to-XCodeTests";
			sourceTree = "<group>";
		};
		BDE44B2828A3F11E000BC7D0 /* Intro-to-XCodeUITests */ = {
			isa = PBXGroup;
			children = (
				BDE44B2928A3F11E000BC7D0 /* Intro_to_XCodeUITests.swift */,
				BDE44B2B28A3F11E000BC7D0 /* Intro_to_XCodeUITestsLaunchTests.swift */,
			);
			path = "Intro-to-XCodeUITests";
			sourceTree = "<group>";
		};
/* End PBXGroup section */

/* Begin PBXNativeTarget section */
		BDE44B0128A3F11C000BC7D0 /* Intro-to-XCode */ = {
			isa = PBXNativeTarget;
			buildConfigurationList = BDE44B2F28A3F11E000BC7D0 /* Build configuration list for PBXNativeTarget "Intro-to-XCode" */;
			buildPhases = (
				BDE44AFE28A3F11C000BC7D0 /* Sources */,
				BDE44AFF28A3F11C000BC7D0 /* Frameworks */,
				BDE44B0028A3F11C000BC7D0 /* Resources */,
			);
			buildRules = (
			);
			dependencies = (
			);
			name = "Intro-to-XCode";
			productName = "Intro-to-XCode";
			productReference = BDE44B0228A3F11C000BC7D0 /* Intro-to-XCode.app */;
			productType = "com.apple.product-type.application";
		};
		BDE44B1A28A3F11E000BC7D0 /* Intro-to-XCodeTests */ = {
			isa = PBXNativeTarget;
			buildConfigurationList = BDE44B3228A3F11E000BC7D0 /* Build configuration list for PBXNativeTarget "Intro-to-XCodeTests" */;
			buildPhases = (
				BDE44B1728A3F11E000BC7D0 /* Sources */,
				BDE44B1828A3F11E000BC7D0 /* Frameworks */,
				BDE44B1928A3F11E000BC7D0 /* Resources */,
			);
			buildRules = (
			);
			dependencies = (
				BDE44B1D28A3F11E000BC7D0 /* PBXTargetDependency */,
			);
			name = "Intro-to-XCodeTests";
			productName = "Intro-to-XCodeTests";
			productReference = BDE44B1B28A3F11E000BC7D0 /* Intro-to-XCodeTests.xctest */;
			productType = "com.apple.product-type.bundle.unit-test";
		};
		BDE44B2428A3F11E000BC7D0 /* Intro-to-XCodeUITests */ = {
			isa = PBXNativeTarget;
			buildConfigurationList = BDE44B3528A3F11E000BC7D0 /* Build configuration list for PBXNativeTarget "Intro-to-XCodeUITests" */;
			buildPhases = (
				BDE44B2128A3F11E000BC7D0 /* Sources */,
				BDE44B2228A3F11E000BC7D0 /* Frameworks */,
				BDE44B2328A3F11E000BC7D0 /* Resources */,
			);
			buildRules = (
			);
			dependencies = (
				BDE44B2728A3F11E000BC7D0 /* PBXTargetDependency */,
			);
			name = "Intro-to-XCodeUITests";
			productName = "Intro-to-XCodeUITests";
			productReference = BDE44B2528A3F11E000BC7D0 /* Intro-to-XCodeUITests.xctest */;
			productType = "com.apple.product-type.bundle.ui-testing";
		};
/* End PBXNativeTarget section */

/* Begin PBXProject section */
		BDE44AFA28A3F11C000BC7D0 /* Project object */ = {
			isa = PBXProject;
			attributes = {
				BuildIndependentTargetsInParallel = 1;
				LastSwiftUpdateCheck = 1340;
				LastUpgradeCheck = 1340;
				TargetAttributes = {
					BDE44B0128A3F11C000BC7D0 = {
						CreatedOnToolsVersion = 13.4.1;
					};
					BDE44B1A28A3F11E000BC7D0 = {
						CreatedOnToolsVersion = 13.4.1;
						TestTargetID = BDE44B0128A3F11C000BC7D0;
					};
					BDE44B2428A3F11E000BC7D0 = {
						CreatedOnToolsVersion = 13.4.1;
						TestTargetID = BDE44B0128A3F11C000BC7D0;
					};
				};
			};
			buildConfigurationList = BDE44AFD28A3F11C000BC7D0 /* Build configuration list for PBXProject "Intro-to-XCode" */;
			compatibilityVersion = "Xcode 13.0";
			developmentRegion = en;
			hasScannedForEncodings = 0;
			knownRegions = (
				en,
				Base,
			);
			mainGroup = BDE44AF928A3F11C000BC7D0;
			productRefGroup = BDE44B0328A3F11C000BC7D0 /* Products */;
			projectDirPath = "";
			projectRoot = "";
			targets = (
				BDE44B0128A3F11C000BC7D0 /* Intro-to-XCode */,
				BDE44B1A28A3F11E000BC7D0 /* Intro-to-XCodeTests */,
				BDE44B2428A3F11E000BC7D0 /* Intro-to-XCodeUITests */,
			);
		};
/* End PBXProject section */

/* Begin PBXResourcesBuildPhase section */
		BDE44B0028A3F11C000BC7D0 /* Resources */ = {
			isa = PBXResourcesBuildPhase;
			buildActionMask = 2147483647;
			files = (
				BDE44B1528A3F11E000BC7D0 /* LaunchScreen.storyboard in Resources */,
				BDE44B1228A3F11E000BC7D0 /* Assets.xcassets in Resources */,
				BDE44B0D28A3F11C000BC7D0 /* Main.storyboard in Resources */,
			);
			runOnlyForDeploymentPostprocessing = 0;
		};
		BDE44B1928A3F11E000BC7D0 /* Resources */ = {
			isa = PBXResourcesBuildPhase;
			buildActionMask = 2147483647;
			files = (
			);
			runOnlyForDeploymentPostprocessing = 0;
		};
		BDE44B2328A3F11E000BC7D0 /* Resources */ = {
			isa = PBXResourcesBuildPhase;
			buildActionMask = 2147483647;
			files = (
			);
			runOnlyForDeploymentPostprocessing = 0;
		};
/* End PBXResourcesBuildPhase section */

/* Begin PBXSourcesBuildPhase section */
		BDE44AFE28A3F11C000BC7D0 /* Sources */ = {
			isa = PBXSourcesBuildPhase;
			buildActionMask = 2147483647;
			files = (
				BDE44B0A28A3F11C000BC7D0 /* ViewController.swift in Sources */,
				BDE44B0628A3F11C000BC7D0 /* AppDelegate.swift in Sources */,
				BDE44B0828A3F11C000BC7D0 /* SceneDelegate.swift in Sources */,
				BDE44B1028A3F11C000BC7D0 /* Intro_to_XCode.xcdatamodeld in Sources */,
			);
			runOnlyForDeploymentPostprocessing = 0;
		};
		BDE44B1728A3F11E000BC7D0 /* Sources */ = {
			isa = PBXSourcesBuildPhase;
			buildActionMask = 2147483647;
			files = (
				BDE44B2028A3F11E000BC7D0 /* Intro_to_XCodeTests.swift in Sources */,
			);
			runOnlyForDeploymentPostprocessing = 0;
		};
		BDE44B2128A3F11E000BC7D0 /* Sources */ = {
			isa = PBXSourcesBuildPhase;
			buildActionMask = 2147483647;
			files = (
				BDE44B2C28A3F11E000BC7D0 /* Intro_to_XCodeUITestsLaunchTests.swift in Sources */,
				BDE44B2A28A3F11E000BC7D0 /* Intro_to_XCodeUITests.swift in Sources */,
			);
			runOnlyForDeploymentPostprocessing = 0;
		};
/* End PBXSourcesBuildPhase section */

/* Begin PBXTargetDependency section */
		BDE44B1D28A3F11E000BC7D0 /* PBXTargetDependency */ = {
			isa = PBXTargetDependency;
			target = BDE44B0128A3F11C000BC7D0 /* Intro-to-XCode */;
			targetProxy = BDE44B1C28A3F11E000BC7D0 /* PBXContainerItemProxy */;
		};
		BDE44B2728A3F11E000BC7D0 /* PBXTargetDependency */ = {
			isa = PBXTargetDependency;
			target = BDE44B0128A3F11C000BC7D0 /* Intro-to-XCode */;
			targetProxy = BDE44B2628A3F11E000BC7D0 /* PBXContainerItemProxy */;
		};
/* End PBXTargetDependency section */

/* Begin PBXVariantGroup section */
		BDE44B0B28A3F11C000BC7D0 /* Main.storyboard */ = {
			isa = PBXVariantGroup;
			children = (
				BDE44B0C28A3F11C000BC7D0 /* Base */,
			);
			name = Main.storyboard;
			sourceTree = "<group>";
		};
		BDE44B1328A3F11E000BC7D0 /* LaunchScreen.storyboard */ = {
			isa = PBXVariantGroup;
			children = (
				BDE44B1428A3F11E000BC7D0 /* Base */,
			);
			name = LaunchScreen.storyboard;
			sourceTree = "<group>";
		};
/* End PBXVariantGroup section */

/* Begin XCBuildConfiguration section */
		BDE44B2D28A3F11E000BC7D0 /* Debug */ = {
			isa = XCBuildConfiguration;
			buildSettings = {
				ALWAYS_SEARCH_USER_PATHS = NO;
				CLANG_ANALYZER_NONNULL = YES;
				CLANG_ANALYZER_NUMBER_OBJECT_CONVERSION = YES_AGGRESSIVE;
				CLANG_CXX_LANGUAGE_STANDARD = "gnu++17";
				CLANG_ENABLE_MODULES = YES;
				CLANG_ENABLE_OBJC_ARC = YES;
				CLANG_ENABLE_OBJC_WEAK = YES;
				CLANG_WARN_BLOCK_CAPTURE_AUTORELEASING = YES;
				CLANG_WARN_BOOL_CONVERSION = YES;
				CLANG_WARN_COMMA = YES;
				CLANG_WARN_CONSTANT_CONVERSION = YES;
				CLANG_WARN_DEPRECATED_OBJC_IMPLEMENTATIONS = YES;
				CLANG_WARN_DIRECT_OBJC_ISA_USAGE = YES_ERROR;
				CLANG_WARN_DOCUMENTATION_COMMENTS = YES;
				CLANG_WARN_EMPTY_BODY = YES;
				CLANG_WARN_ENUM_CONVERSION = YES;
				CLANG_WARN_INFINITE_RECURSION = YES;
				CLANG_WARN_INT_CONVERSION = YES;
				CLANG_WARN_NON_LITERAL_NULL_CONVERSION = YES;
				CLANG_WARN_OBJC_IMPLICIT_RETAIN_SELF = YES;
				CLANG_WARN_OBJC_LITERAL_CONVERSION = YES;
				CLANG_WARN_OBJC_ROOT_CLASS = YES_ERROR;
				CLANG_WARN_QUOTED_INCLUDE_IN_FRAMEWORK_HEADER = YES;
				CLANG_WARN_RANGE_LOOP_ANALYSIS = YES;
				CLANG_WARN_STRICT_PROTOTYPES = YES;
				CLANG_WARN_SUSPICIOUS_MOVE = YES;
				CLANG_WARN_UNGUARDED_AVAILABILITY = YES_AGGRESSIVE;
				CLANG_WARN_UNREACHABLE_CODE = YES;
				CLANG_WARN__DUPLICATE_METHOD_MATCH = YES;
				COPY_PHASE_STRIP = NO;
				DEBUG_INFORMATION_FORMAT = dwarf;
				ENABLE_STRICT_OBJC_MSGSEND = YES;
				ENABLE_TESTABILITY = YES;
				GCC_C_LANGUAGE_STANDARD = gnu11;
				GCC_DYNAMIC_NO_PIC = NO;
				GCC_NO_COMMON_BLOCKS = YES;
				GCC_OPTIMIZATION_LEVEL = 0;
				GCC_PREPROCESSOR_DEFINITIONS = (
					"DEBUG=1",
					"$(inherited)",
				);
				GCC_WARN_64_TO_32_BIT_CONVERSION = YES;
				GCC_WARN_ABOUT_RETURN_TYPE = YES_ERROR;
				GCC_WARN_UNDECLARED_SELECTOR = YES;
				GCC_WARN_UNINITIALIZED_AUTOS = YES_AGGRESSIVE;
				GCC_WARN_UNUSED_FUNCTION = YES;
				GCC_WARN_UNUSED_VARIABLE = YES;
				IPHONEOS_DEPLOYMENT_TARGET = 15.5;
				MTL_ENABLE_DEBUG_INFO = INCLUDE_SOURCE;
				MTL_FAST_MATH = YES;
				ONLY_ACTIVE_ARCH = YES;
				SDKROOT = iphoneos;
				SWIFT_ACTIVE_COMPILATION_CONDITIONS = DEBUG;
				SWIFT_OPTIMIZATION_LEVEL = "-Onone";
			};
			name = Debug;
		};
		BDE44B2E28A3F11E000BC7D0 /* Release */ = {
			isa = XCBuildConfiguration;
			buildSettings = {
				ALWAYS_SEARCH_USER_PATHS = NO;
				CLANG_ANALYZER_NONNULL = YES;
				CLANG_ANALYZER_NUMBER_OBJECT_CONVERSION = YES_AGGRESSIVE;
				CLANG_CXX_LANGUAGE_STANDARD = "gnu++17";
				CLANG_ENABLE_MODULES = YES;
				CLANG_ENABLE_OBJC_ARC = YES;
				CLANG_ENABLE_OBJC_WEAK = YES;
				CLANG_WARN_BLOCK_CAPTURE_AUTORELEASING = YES;
				CLANG_WARN_BOOL_CONVERSION = YES;
				CLANG_WARN_COMMA = YES;
				CLANG_WARN_CONSTANT_CONVERSION = YES;
				CLANG_WARN_DEPRECATED_OBJC_IMPLEMENTATIONS = YES;
				CLANG_WARN_DIRECT_OBJC_ISA_USAGE = YES_ERROR;
				CLANG_WARN_DOCUMENTATION_COMMENTS = YES;
				CLANG_WARN_EMPTY_BODY = YES;
				CLANG_WARN_ENUM_CONVERSION = YES;
				CLANG_WARN_INFINITE_RECURSION = YES;
				CLANG_WARN_INT_CONVERSION = YES;
				CLANG_WARN_NON_LITERAL_NULL_CONVERSION = YES;
				CLANG_WARN_OBJC_IMPLICIT_RETAIN_SELF = YES;
				CLANG_WARN_OBJC_LITERAL_CONVERSION = YES;
				CLANG_WARN_OBJC_ROOT_CLASS = YES_ERROR;
				CLANG_WARN_QUOTED_INCLUDE_IN_FRAMEWORK_HEADER = YES;
				CLANG_WARN_RANGE_LOOP_ANALYSIS = YES;
				CLANG_WARN_STRICT_PROTOTYPES = YES;
				CLANG_WARN_SUSPICIOUS_MOVE = YES;
				CLANG_WARN_UNGUARDED_AVAILABILITY = YES_AGGRESSIVE;
				CLANG_WARN_UNREACHABLE_CODE = YES;
				CLANG_WARN__DUPLICATE_METHOD_MATCH = YES;
				COPY_PHASE_STRIP = NO;
				DEBUG_INFORMATION_FORMAT = "dwarf-with-dsym";
				ENABLE_NS_ASSERTIONS = NO;
				ENABLE_STRICT_OBJC_MSGSEND = YES;
				GCC_C_LANGUAGE_STANDARD = gnu11;
				GCC_NO_COMMON_BLOCKS = YES;
				GCC_WARN_64_TO_32_BIT_CONVERSION = YES;
				GCC_WARN_ABOUT_RETURN_TYPE = YES_ERROR;
				GCC_WARN_UNDECLARED_SELECTOR = YES;
				GCC_WARN_UNINITIALIZED_AUTOS = YES_AGGRESSIVE;
				GCC_WARN_UNUSED_FUNCTION = YES;
				GCC_WARN_UNUSED_VARIABLE = YES;
				IPHONEOS_DEPLOYMENT_TARGET = 15.5;
				MTL_ENABLE_DEBUG_INFO = NO;
				MTL_FAST_MATH = YES;
				SDKROOT = iphoneos;
				SWIFT_COMPILATION_MODE = wholemodule;
				SWIFT_OPTIMIZATION_LEVEL = "-O";
				VALIDATE_PRODUCT = YES;
			};
			name = Release;
		};
		BDE44B3028A3F11E000BC7D0 /* Debug */ = {
			isa = XCBuildConfiguration;
			buildSettings = {
				ASSETCATALOG_COMPILER_APPICON_NAME = AppIcon;
				ASSETCATALOG_COMPILER_GLOBAL_ACCENT_COLOR_NAME = AccentColor;
				CODE_SIGN_STYLE = Automatic;
				CURRENT_PROJECT_VERSION = 1;
				GENERATE_INFOPLIST_FILE = YES;
				INFOPLIST_FILE = "Intro-to-XCode/Info.plist";
				INFOPLIST_KEY_UIApplicationSupportsIndirectInputEvents = YES;
				INFOPLIST_KEY_UILaunchStoryboardName = LaunchScreen;
				INFOPLIST_KEY_UIMainStoryboardFile = Main;
				INFOPLIST_KEY_UISupportedInterfaceOrientations_iPad = "UIInterfaceOrientationPortrait UIInterfaceOrientationPortraitUpsideDown UIInterfaceOrientationLandscapeLeft UIInterfaceOrientationLandscapeRight";
				INFOPLIST_KEY_UISupportedInterfaceOrientations_iPhone = "UIInterfaceOrientationPortrait UIInterfaceOrientationLandscapeLeft UIInterfaceOrientationLandscapeRight";
				LD_RUNPATH_SEARCH_PATHS = (
					"$(inherited)",
					"@executable_path/Frameworks",
				);
				MARKETING_VERSION = 1.0;
				PRODUCT_BUNDLE_IDENTIFIER = "kwk.Intro-to-XCode";
				PRODUCT_NAME = "$(TARGET_NAME)";
				SWIFT_EMIT_LOC_STRINGS = YES;
				SWIFT_VERSION = 5.0;
				TARGETED_DEVICE_FAMILY = "1,2";
			};
			name = Debug;
		};
		BDE44B3128A3F11E000BC7D0 /* Release */ = {
			isa = XCBuildConfiguration;
			buildSettings = {
				ASSETCATALOG_COMPILER_APPICON_NAME = AppIcon;
				ASSETCATALOG_COMPILER_GLOBAL_ACCENT_COLOR_NAME = AccentColor;
				CODE_SIGN_STYLE = Automatic;
				CURRENT_PROJECT_VERSION = 1;
				GENERATE_INFOPLIST_FILE = YES;
				INFOPLIST_FILE = "Intro-to-XCode/Info.plist";
				INFOPLIST_KEY_UIApplicationSupportsIndirectInputEvents = YES;
				INFOPLIST_KEY_UILaunchStoryboardName = LaunchScreen;
				INFOPLIST_KEY_UIMainStoryboardFile = Main;
				INFOPLIST_KEY_UISupportedInterfaceOrientations_iPad = "UIInterfaceOrientationPortrait UIInterfaceOrientationPortraitUpsideDown UIInterfaceOrientationLandscapeLeft UIInterfaceOrientationLandscapeRight";
				INFOPLIST_KEY_UISupportedInterfaceOrientations_iPhone = "UIInterfaceOrientationPortrait UIInterfaceOrientationLandscapeLeft UIInterfaceOrientationLandscapeRight";
				LD_RUNPATH_SEARCH_PATHS = (
					"$(inherited)",
					"@executable_path/Frameworks",
				);
				MARKETING_VERSION = 1.0;
				PRODUCT_BUNDLE_IDENTIFIER = "kwk.Intro-to-XCode";
				PRODUCT_NAME = "$(TARGET_NAME)";
				SWIFT_EMIT_LOC_STRINGS = YES;
				SWIFT_VERSION = 5.0;
				TARGETED_DEVICE_FAMILY = "1,2";
			};
			name = Release;
		};
		BDE44B3328A3F11E000BC7D0 /* Debug */ = {
			isa = XCBuildConfiguration;
			buildSettings = {
				ALWAYS_EMBED_SWIFT_STANDARD_LIBRARIES = YES;
				BUNDLE_LOADER = "$(TEST_HOST)";
				CODE_SIGN_STYLE = Automatic;
				CURRENT_PROJECT_VERSION = 1;
				GENERATE_INFOPLIST_FILE = YES;
				IPHONEOS_DEPLOYMENT_TARGET = 15.5;
				MARKETING_VERSION = 1.0;
				PRODUCT_BUNDLE_IDENTIFIER = "kwk.Intro-to-XCodeTests";
				PRODUCT_NAME = "$(TARGET_NAME)";
				SWIFT_EMIT_LOC_STRINGS = NO;
				SWIFT_VERSION = 5.0;
				TARGETED_DEVICE_FAMILY = "1,2";
				TEST_HOST = "$(BUILT_PRODUCTS_DIR)/Intro-to-XCode.app/Intro-to-XCode";
			};
			name = Debug;
		};
		BDE44B3428A3F11E000BC7D0 /* Release */ = {
			isa = XCBuildConfiguration;
			buildSettings = {
				ALWAYS_EMBED_SWIFT_STANDARD_LIBRARIES = YES;
				BUNDLE_LOADER = "$(TEST_HOST)";
				CODE_SIGN_STYLE = Automatic;
				CURRENT_PROJECT_VERSION = 1;
				GENERATE_INFOPLIST_FILE = YES;
				IPHONEOS_DEPLOYMENT_TARGET = 15.5;
				MARKETING_VERSION = 1.0;
				PRODUCT_BUNDLE_IDENTIFIER = "kwk.Intro-to-XCodeTests";
				PRODUCT_NAME = "$(TARGET_NAME)";
				SWIFT_EMIT_LOC_STRINGS = NO;
				SWIFT_VERSION = 5.0;
				TARGETED_DEVICE_FAMILY = "1,2";
				TEST_HOST = "$(BUILT_PRODUCTS_DIR)/Intro-to-XCode.app/Intro-to-XCode";
			};
			name = Release;
		};
		BDE44B3628A3F11E000BC7D0 /* Debug */ = {
			isa = XCBuildConfiguration;
			buildSettings = {
				ALWAYS_EMBED_SWIFT_STANDARD_LIBRARIES = YES;
				CODE_SIGN_STYLE = Automatic;
				CURRENT_PROJECT_VERSION = 1;
				GENERATE_INFOPLIST_FILE = YES;
				MARKETING_VERSION = 1.0;
				PRODUCT_BUNDLE_IDENTIFIER = "kwk.Intro-to-XCodeUITests";
				PRODUCT_NAME = "$(TARGET_NAME)";
				SWIFT_EMIT_LOC_STRINGS = NO;
				SWIFT_VERSION = 5.0;
				TARGETED_DEVICE_FAMILY = "1,2";
				TEST_TARGET_NAME = "Intro-to-XCode";
			};
			name = Debug;
		};
		BDE44B3728A3F11E000BC7D0 /* Release */ = {
			isa = XCBuildConfiguration;
			buildSettings = {
				ALWAYS_EMBED_SWIFT_STANDARD_LIBRARIES = YES;
				CODE_SIGN_STYLE = Automatic;
				CURRENT_PROJECT_VERSION = 1;
				GENERATE_INFOPLIST_FILE = YES;
				MARKETING_VERSION = 1.0;
				PRODUCT_BUNDLE_IDENTIFIER = "kwk.Intro-to-XCodeUITests";
				PRODUCT_NAME = "$(TARGET_NAME)";
				SWIFT_EMIT_LOC_STRINGS = NO;
				SWIFT_VERSION = 5.0;
				TARGETED_DEVICE_FAMILY = "1,2";
				TEST_TARGET_NAME = "Intro-to-XCode";
			};
			name = Release;
		};
/* End XCBuildConfiguration section */

/* Begin XCConfigurationList section */
		BDE44AFD28A3F11C000BC7D0 /* Build configuration list for PBXProject "Intro-to-XCode" */ = {
			isa = XCConfigurationList;
			buildConfigurations = (
				BDE44B2D28A3F11E000BC7D0 /* Debug */,
				BDE44B2E28A3F11E000BC7D0 /* Release */,
			);
			defaultConfigurationIsVisible = 0;
			defaultConfigurationName = Release;
		};
		BDE44B2F28A3F11E000BC7D0 /* Build configuration list for PBXNativeTarget "Intro-to-XCode" */ = {
			isa = XCConfigurationList;
			buildConfigurations = (
				BDE44B3028A3F11E000BC7D0 /* Debug */,
				BDE44B3128A3F11E000BC7D0 /* Release */,
			);
			defaultConfigurationIsVisible = 0;
			defaultConfigurationName = Release;
		};
		BDE44B3228A3F11E000BC7D0 /* Build configuration list for PBXNativeTarget "Intro-to-XCodeTests" */ = {
			isa = XCConfigurationList;
			buildConfigurations = (
				BDE44B3328A3F11E000BC7D0 /* Debug */,
				BDE44B3428A3F11E000BC7D0 /* Release */,
			);
			defaultConfigurationIsVisible = 0;
			defaultConfigurationName = Release;
		};
		BDE44B3528A3F11E000BC7D0 /* Build configuration list for PBXNativeTarget "Intro-to-XCodeUITests" */ = {
			isa = XCConfigurationList;
			buildConfigurations = (
				BDE44B3628A3F11E000BC7D0 /* Debug */,
				BDE44B3728A3F11E000BC7D0 /* Release */,
			);
			defaultConfigurationIsVisible = 0;
			defaultConfigurationName = Release;
		};
/* End XCConfigurationList section */

/* Begin XCVersionGroup section */
		BDE44B0E28A3F11C000BC7D0 /* Intro_to_XCode.xcdatamodeld */ = {
			isa = XCVersionGroup;
			children = (
				BDE44B0F28A3F11C000BC7D0 /* Intro_to_XCode.xcdatamodel */,
			);
			currentVersion = BDE44B0F28A3F11C000BC7D0 /* Intro_to_XCode.xcdatamodel */;
			path = Intro_to_XCode.xcdatamodeld;
			sourceTree = "<group>";
			versionGroupType = wrapper.xcdatamodel;
		};
/* End XCVersionGroup section */
	};
	rootObject = BDE44AFA28A3F11C000BC7D0 /* Project object */;
}
